
Microsoft Visual Studio Solution File, Format Version 12.00
# Visual Studio Version 16
VisualStudioVersion = 16.0.30717.126
MinimumVisualStudioVersion = 10.0.40219.1
Project("{FAE04EC0-301F-11D3-BF4B-00C04F79EFBC}") = "Sugarscape", "Sugarscape\Sugarscape.csproj", "{3C5F29ED-8573-4C49-B1BF-E9B81E997391}"
EndProject
Global
	GlobalSection(SolutionConfigurationPlatforms) = preSolution
		Debug|Any CPU = Debug|Any CPU
		Release|Any CPU = Release|Any CPU
	EndGlobalSection
	GlobalSection(ProjectConfigurationPlatforms) = postSolution
		{3C5F29ED-8573-4C49-B1BF-E9B81E997391}.Debug|Any CPU.ActiveCfg = Debug|Any CPU
		{3C5F29ED-8573-4C49-B1BF-E9B81E997391}.Debug|Any CPU.Build.0 = Debug|Any CPU
		{3C5F29ED-8573-4C49-B1BF-E9B81E997391}.Release|Any CPU.ActiveCfg = Release|Any CPU
		{3C5F29ED-8573-4C49-B1BF-E9B81E997391}.Release|Any CPU.Build.0 = Release|Any CPU
	EndGlobalSection
	GlobalSection(SolutionProperties) = preSolution
		HideSolutionNode = FALSE
	EndGlobalSection
	GlobalSection(ExtensibilityGlobals) = postSolution
		SolutionGuid = {8517C2F5-14CC-4298-8B7C-3AF91E165D85}
	EndGlobalSection
EndGlobal
